{
  "requires": true,
  "lockfileVersion": 1,
  "dependencies": {
    "@types/lodash": {
      "version": "4.14.159",
      "resolved": "https://registry.npmjs.org/@types/lodash/-/lodash-4.14.159.tgz",
      "integrity": "sha512-gF7A72f7WQN33DpqOWw9geApQPh4M3PxluMtaHxWHXEGSN12/WbcEk/eNSqWNQcQhF66VSZ06vCF94CrHwXJDg=="
    },
    "@types/screeps": {
      "version": "3.1.3",
      "resolved": "https://registry.npmjs.org/@types/screeps/-/screeps-3.1.3.tgz",
      "integrity": "sha512-FJZ07XMTk2oEr9GHMYI9RpmnXKXSkGjcTGqL6AgJ+NAwKkZIHVOgnjIMlI+TDrd+X1Xfrgdfekl2nRg+5lkKGQ=="
    }
  }
}
