{
  "name": "screeps",
  "lockfileVersion": 2,
  "requires": true,
  "packages": {
    "": {
      "dependencies": {
        "@types/lodash": "^4.14.169",
        "@types/screeps": "^3.2.2"
      }
    },
    "node_modules/@types/lodash": {
      "version": "4.14.169",
      "resolved": "https://registry.npmjs.org/@types/lodash/-/lodash-4.14.169.tgz",
      "integrity": "sha512-DvmZHoHTFJ8zhVYwCLWbQ7uAbYQEk52Ev2/ZiQ7Y7gQGeV9pjBqjnQpECMHfKS1rCYAhMI7LHVxwyZLZinJgdw=="
    },
    "node_modules/@types/screeps": {
      "version": "3.2.2",
      "resolved": "https://registry.npmjs.org/@types/screeps/-/screeps-3.2.2.tgz",
      "integrity": "sha512-oI3zKXVL1HDkZ/x0xUhjD9CfAXmQPe/1kNkyKg5Wtd092/N5E5fYbNSH+Hgd5v6LEizYCLo+4drozp82j4Z9zw=="
    }
  },
  "dependencies": {
    "@types/lodash": {
      "version": "4.14.169",
      "resolved": "https://registry.npmjs.org/@types/lodash/-/lodash-4.14.169.tgz",
      "integrity": "sha512-DvmZHoHTFJ8zhVYwCLWbQ7uAbYQEk52Ev2/ZiQ7Y7gQGeV9pjBqjnQpECMHfKS1rCYAhMI7LHVxwyZLZinJgdw=="
    },
    "@types/screeps": {
      "version": "3.2.2",
      "resolved": "https://registry.npmjs.org/@types/screeps/-/screeps-3.2.2.tgz",
      "integrity": "sha512-oI3zKXVL1HDkZ/x0xUhjD9CfAXmQPe/1kNkyKg5Wtd092/N5E5fYbNSH+Hgd5v6LEizYCLo+4drozp82j4Z9zw=="
    }
  }
}
